
Microsoft Visual Studio Solution File, Format Version 12.00
# Visual Studio 15
VisualStudioVersion = 15.0.26228.4
MinimumVisualStudioVersion = 10.0.40219.1
Project("{FAE04EC0-301F-11D3-BF4B-00C04F79EFBC}") = "ExtractorTest", "ExtractorTest\ExtractorTest.csproj", "{841823FF-A47E-4AB9-B7D8-15856A366377}"
EndProject
Project("{FAE04EC0-301F-11D3-BF4B-00C04F79EFBC}") = "ArmaConfigParser", "..\ArmaConfigParser\ArmaConfigParser.csproj", "{F6EB947C-7DC1-4D6B-B044-498638DB56FB}"
EndProject
Project("{FAE04EC0-301F-11D3-BF4B-00C04F79EFBC}") = "ArmaConfigParserTests", "..\ArmaConfigParserTest\ArmaConfigParserTests.csproj", "{FF3BDD50-A26C-4E80-9C8E-9527276D70CD}"
EndProject
Project("{FAE04EC0-301F-11D3-BF4B-00C04F79EFBC}") = "Falcon.Core", "..\Falcon.Core\Falcon.Core.csproj", "{B8093A20-546C-4E6B-B5A9-EDB96946066B}"
EndProject
Project("{FAE04EC0-301F-11D3-BF4B-00C04F79EFBC}") = "FalconTests", "..\FalconTests\FalconTests.csproj", "{D624FA02-0CF6-440A-BC24-E5DF4DF091EA}"
EndProject
Global
	GlobalSection(SolutionConfigurationPlatforms) = preSolution
		Debug|Any CPU = Debug|Any CPU
		Release|Any CPU = Release|Any CPU
	EndGlobalSection
	GlobalSection(ProjectConfigurationPlatforms) = postSolution
		{841823FF-A47E-4AB9-B7D8-15856A366377}.Debug|Any CPU.ActiveCfg = Debug|Any CPU
		{841823FF-A47E-4AB9-B7D8-15856A366377}.Debug|Any CPU.Build.0 = Debug|Any CPU
		{841823FF-A47E-4AB9-B7D8-15856A366377}.Release|Any CPU.ActiveCfg = Release|Any CPU
		{841823FF-A47E-4AB9-B7D8-15856A366377}.Release|Any CPU.Build.0 = Release|Any CPU
		{F6EB947C-7DC1-4D6B-B044-498638DB56FB}.Debug|Any CPU.ActiveCfg = Debug|Any CPU
		{F6EB947C-7DC1-4D6B-B044-498638DB56FB}.Debug|Any CPU.Build.0 = Debug|Any CPU
		{F6EB947C-7DC1-4D6B-B044-498638DB56FB}.Release|Any CPU.ActiveCfg = Release|Any CPU
		{F6EB947C-7DC1-4D6B-B044-498638DB56FB}.Release|Any CPU.Build.0 = Release|Any CPU
		{FF3BDD50-A26C-4E80-9C8E-9527276D70CD}.Debug|Any CPU.ActiveCfg = Debug|Any CPU
		{FF3BDD50-A26C-4E80-9C8E-9527276D70CD}.Debug|Any CPU.Build.0 = Debug|Any CPU
		{FF3BDD50-A26C-4E80-9C8E-9527276D70CD}.Release|Any CPU.ActiveCfg = Release|Any CPU
		{FF3BDD50-A26C-4E80-9C8E-9527276D70CD}.Release|Any CPU.Build.0 = Release|Any CPU
		{B8093A20-546C-4E6B-B5A9-EDB96946066B}.Debug|Any CPU.ActiveCfg = Debug|Any CPU
		{B8093A20-546C-4E6B-B5A9-EDB96946066B}.Debug|Any CPU.Build.0 = Debug|Any CPU
		{B8093A20-546C-4E6B-B5A9-EDB96946066B}.Release|Any CPU.ActiveCfg = Release|Any CPU
		{B8093A20-546C-4E6B-B5A9-EDB96946066B}.Release|Any CPU.Build.0 = Release|Any CPU
		{D624FA02-0CF6-440A-BC24-E5DF4DF091EA}.Debug|Any CPU.ActiveCfg = Debug|Any CPU
		{D624FA02-0CF6-440A-BC24-E5DF4DF091EA}.Debug|Any CPU.Build.0 = Debug|Any CPU
		{D624FA02-0CF6-440A-BC24-E5DF4DF091EA}.Release|Any CPU.ActiveCfg = Release|Any CPU
		{D624FA02-0CF6-440A-BC24-E5DF4DF091EA}.Release|Any CPU.Build.0 = Release|Any CPU
	EndGlobalSection
	GlobalSection(SolutionProperties) = preSolution
		HideSolutionNode = FALSE
	EndGlobalSection
EndGlobal
